// !$*UTF8*$!
{
	archiveVersion = 1;
	classes = {
	};
	objectVersion = 55;
	objects = {

/* Begin PBXBuildFile section */
		380B39A62834087C00BABB57 /* CommentViewController.swift in Sources */ = {isa = PBXBuildFile; fileRef = 380B39A52834087C00BABB57 /* CommentViewController.swift */; };
		3831F276282EBD2A0070065E /* AppDelegate.swift in Sources */ = {isa = PBXBuildFile; fileRef = 3831F275282EBD2A0070065E /* AppDelegate.swift */; };
		3831F278282EBD2A0070065E /* SceneDelegate.swift in Sources */ = {isa = PBXBuildFile; fileRef = 3831F277282EBD2A0070065E /* SceneDelegate.swift */; };
		3831F27A282EBD2A0070065E /* LoginViewController.swift in Sources */ = {isa = PBXBuildFile; fileRef = 3831F279282EBD2A0070065E /* LoginViewController.swift */; };
		3831F27F282EBD2B0070065E /* Assets.xcassets in Resources */ = {isa = PBXBuildFile; fileRef = 3831F27E282EBD2B0070065E /* Assets.xcassets */; };
		3831F282282EBD2B0070065E /* LaunchScreen.storyboard in Resources */ = {isa = PBXBuildFile; fileRef = 3831F280282EBD2B0070065E /* LaunchScreen.storyboard */; };
		3831F28B282EBD420070065E /* Alamofire in Frameworks */ = {isa = PBXBuildFile; productRef = 3831F28A282EBD420070065E /* Alamofire */; };
		3831F2A4282EC4120070065E /* DummyAPI.swift in Sources */ = {isa = PBXBuildFile; fileRef = 3831F29F282EC4120070065E /* DummyAPI.swift */; };
		3831F2A5282EC4120070065E /* FeedModel.swift in Sources */ = {isa = PBXBuildFile; fileRef = 3831F2A0282EC4120070065E /* FeedModel.swift */; };
		3831F2A6282EC4120070065E /* UserModel.swift in Sources */ = {isa = PBXBuildFile; fileRef = 3831F2A1282EC4120070065E /* UserModel.swift */; };
		3831F2A7282EC4120070065E /* DataModel.swift in Sources */ = {isa = PBXBuildFile; fileRef = 3831F2A2282EC4120070065E /* DataModel.swift */; };
		3831F2A8282EC4120070065E /* FeederModel.swift in Sources */ = {isa = PBXBuildFile; fileRef = 3831F2A3282EC4120070065E /* FeederModel.swift */; };
		3831F2AB282EC4B30070065E /* Data+Extension.swift in Sources */ = {isa = PBXBuildFile; fileRef = 3831F2A9282EC4B30070065E /* Data+Extension.swift */; };
		3831F2AC282EC4B30070065E /* Encodable+Extension.swift in Sources */ = {isa = PBXBuildFile; fileRef = 3831F2AA282EC4B30070065E /* Encodable+Extension.swift */; };
		3831F2B5282ECB7A0070065E /* FeedsController.swift in Sources */ = {isa = PBXBuildFile; fileRef = 3831F2B4282ECB7A0070065E /* FeedsController.swift */; };
		3831F2B7282ECE690070065E /* UIImageView+Extension.swift in Sources */ = {isa = PBXBuildFile; fileRef = 3831F2B6282ECE690070065E /* UIImageView+Extension.swift */; };
		3831F2BD282ECF490070065E /* String+Extension.swift in Sources */ = {isa = PBXBuildFile; fileRef = 3831F2BC282ECF490070065E /* String+Extension.swift */; };
		3831F2BF282ECFF50070065E /* UsersListController.swift in Sources */ = {isa = PBXBuildFile; fileRef = 3831F2BE282ECFF50070065E /* UsersListController.swift */; };
		3831F2C1282ED16E0070065E /* UserDetailViewController.swift in Sources */ = {isa = PBXBuildFile; fileRef = 3831F2C0282ED16E0070065E /* UserDetailViewController.swift */; };
		38385CCB28365053008921AC /* CreatePostViewController.swift in Sources */ = {isa = PBXBuildFile; fileRef = 38385CCA28365053008921AC /* CreatePostViewController.swift */; };
		383DBBFA283C03110063540F /* YPImagePicker in Frameworks */ = {isa = PBXBuildFile; productRef = 383DBBF9283C03110063540F /* YPImagePicker */; };
		383DBBFD283C03B50063540F /* IQKeyboardManagerSwift in Frameworks */ = {isa = PBXBuildFile; productRef = 383DBBFC283C03B50063540F /* IQKeyboardManagerSwift */; };
		386C1BBA283902AD00921B0E /* FeedSharer.swift in Sources */ = {isa = PBXBuildFile; fileRef = 386C1BB9283902AD00921B0E /* FeedSharer.swift */; };
		3881B5C9283376DE00CBC31F /* CollectionViewController.swift in Sources */ = {isa = PBXBuildFile; fileRef = 3881B5C8283376DE00CBC31F /* CollectionViewController.swift */; };
		3881B5CB2833772600CBC31F /* UIView+Extension.swift in Sources */ = {isa = PBXBuildFile; fileRef = 3881B5CA2833772600CBC31F /* UIView+Extension.swift */; };
		3881B5CD2833775300CBC31F /* UICollectionView+Extension.swift in Sources */ = {isa = PBXBuildFile; fileRef = 3881B5CC2833775300CBC31F /* UICollectionView+Extension.swift */; };
		3881B5D12833790100CBC31F /* UIViewController+Extension.swift in Sources */ = {isa = PBXBuildFile; fileRef = 3881B5D02833790100CBC31F /* UIViewController+Extension.swift */; };
		3881B5D82833AB7C00CBC31F /* TabBarController.swift in Sources */ = {isa = PBXBuildFile; fileRef = 3881B5D72833AB7C00CBC31F /* TabBarController.swift */; };
		3881B5DD2833ABF300CBC31F /* UserDefaultHelper.swift in Sources */ = {isa = PBXBuildFile; fileRef = 3881B5DC2833ABF300CBC31F /* UserDefaultHelper.swift */; };
		38DCF15428328E0900BC29C3 /* Kingfisher in Frameworks */ = {isa = PBXBuildFile; productRef = 38DCF15328328E0900BC29C3 /* Kingfisher */; };
		38F49607283705EC0066A8AF /* CommentModel.swift in Sources */ = {isa = PBXBuildFile; fileRef = 38F49606283705EC0066A8AF /* CommentModel.swift */; };
/* End PBXBuildFile section */

/* Begin PBXFileReference section */
		380B39A52834087C00BABB57 /* CommentViewController.swift */ = {isa = PBXFileReference; lastKnownFileType = sourcecode.swift; path = CommentViewController.swift; sourceTree = "<group>"; };
		3831F272282EBD2A0070065E /* Dummygram.app */ = {isa = PBXFileReference; explicitFileType = wrapper.application; includeInIndex = 0; path = Dummygram.app; sourceTree = BUILT_PRODUCTS_DIR; };
		3831F275282EBD2A0070065E /* AppDelegate.swift */ = {isa = PBXFileReference; lastKnownFileType = sourcecode.swift; path = AppDelegate.swift; sourceTree = "<group>"; };
		3831F277282EBD2A0070065E /* SceneDelegate.swift */ = {isa = PBXFileReference; lastKnownFileType = sourcecode.swift; path = SceneDelegate.swift; sourceTree = "<group>"; };
		3831F279282EBD2A0070065E /* LoginViewController.swift */ = {isa = PBXFileReference; lastKnownFileType = sourcecode.swift; path = LoginViewController.swift; sourceTree = "<group>"; };
		3831F27E282EBD2B0070065E /* Assets.xcassets */ = {isa = PBXFileReference; lastKnownFileType = folder.assetcatalog; path = Assets.xcassets; sourceTree = "<group>"; };
		3831F281282EBD2B0070065E /* Base */ = {isa = PBXFileReference; lastKnownFileType = file.storyboard; name = Base; path = Base.lproj/LaunchScreen.storyboard; sourceTree = "<group>"; };
		3831F283282EBD2B0070065E /* Info.plist */ = {isa = PBXFileReference; lastKnownFileType = text.plist.xml; path = Info.plist; sourceTree = "<group>"; };
		3831F29F282EC4120070065E /* DummyAPI.swift */ = {isa = PBXFileReference; fileEncoding = 4; lastKnownFileType = sourcecode.swift; path = DummyAPI.swift; sourceTree = "<group>"; };
		3831F2A0282EC4120070065E /* FeedModel.swift */ = {isa = PBXFileReference; fileEncoding = 4; lastKnownFileType = sourcecode.swift; path = FeedModel.swift; sourceTree = "<group>"; };
		3831F2A1282EC4120070065E /* UserModel.swift */ = {isa = PBXFileReference; fileEncoding = 4; lastKnownFileType = sourcecode.swift; path = UserModel.swift; sourceTree = "<group>"; };
		3831F2A2282EC4120070065E /* DataModel.swift */ = {isa = PBXFileReference; fileEncoding = 4; lastKnownFileType = sourcecode.swift; path = DataModel.swift; sourceTree = "<group>"; };
		3831F2A3282EC4120070065E /* FeederModel.swift */ = {isa = PBXFileReference; fileEncoding = 4; lastKnownFileType = sourcecode.swift; path = FeederModel.swift; sourceTree = "<group>"; };
		3831F2A9282EC4B30070065E /* Data+Extension.swift */ = {isa = PBXFileReference; fileEncoding = 4; lastKnownFileType = sourcecode.swift; path = "Data+Extension.swift"; sourceTree = "<group>"; };
		3831F2AA282EC4B30070065E /* Encodable+Extension.swift */ = {isa = PBXFileReference; fileEncoding = 4; lastKnownFileType = sourcecode.swift; path = "Encodable+Extension.swift"; sourceTree = "<group>"; };
		3831F2B4282ECB7A0070065E /* FeedsController.swift */ = {isa = PBXFileReference; lastKnownFileType = sourcecode.swift; path = FeedsController.swift; sourceTree = "<group>"; };
		3831F2B6282ECE690070065E /* UIImageView+Extension.swift */ = {isa = PBXFileReference; fileEncoding = 4; lastKnownFileType = sourcecode.swift; path = "UIImageView+Extension.swift"; sourceTree = "<group>"; };
		3831F2BC282ECF490070065E /* String+Extension.swift */ = {isa = PBXFileReference; lastKnownFileType = sourcecode.swift; path = "String+Extension.swift"; sourceTree = "<group>"; };
		3831F2BE282ECFF50070065E /* UsersListController.swift */ = {isa = PBXFileReference; lastKnownFileType = sourcecode.swift; path = UsersListController.swift; sourceTree = "<group>"; };
		3831F2C0282ED16E0070065E /* UserDetailViewController.swift */ = {isa = PBXFileReference; lastKnownFileType = sourcecode.swift; path = UserDetailViewController.swift; sourceTree = "<group>"; };
		38385CCA28365053008921AC /* CreatePostViewController.swift */ = {isa = PBXFileReference; lastKnownFileType = sourcecode.swift; path = CreatePostViewController.swift; sourceTree = "<group>"; };
		386C1BB9283902AD00921B0E /* FeedSharer.swift */ = {isa = PBXFileReference; lastKnownFileType = sourcecode.swift; path = FeedSharer.swift; sourceTree = "<group>"; };
		3881B5C8283376DE00CBC31F /* CollectionViewController.swift */ = {isa = PBXFileReference; lastKnownFileType = sourcecode.swift; path = CollectionViewController.swift; sourceTree = "<group>"; };
		3881B5CA2833772600CBC31F /* UIView+Extension.swift */ = {isa = PBXFileReference; lastKnownFileType = sourcecode.swift; path = "UIView+Extension.swift"; sourceTree = "<group>"; };
		3881B5CC2833775300CBC31F /* UICollectionView+Extension.swift */ = {isa = PBXFileReference; lastKnownFileType = sourcecode.swift; path = "UICollectionView+Extension.swift"; sourceTree = "<group>"; };
		3881B5D02833790100CBC31F /* UIViewController+Extension.swift */ = {isa = PBXFileReference; lastKnownFileType = sourcecode.swift; path = "UIViewController+Extension.swift"; sourceTree = "<group>"; };
		3881B5D72833AB7C00CBC31F /* TabBarController.swift */ = {isa = PBXFileReference; lastKnownFileType = sourcecode.swift; path = TabBarController.swift; sourceTree = "<group>"; };
		3881B5DC2833ABF300CBC31F /* UserDefaultHelper.swift */ = {isa = PBXFileReference; lastKnownFileType = sourcecode.swift; path = UserDefaultHelper.swift; sourceTree = "<group>"; };
		38F49606283705EC0066A8AF /* CommentModel.swift */ = {isa = PBXFileReference; lastKnownFileType = sourcecode.swift; path = CommentModel.swift; sourceTree = "<group>"; };
/* End PBXFileReference section */

/* Begin PBXFrameworksBuildPhase section */
		3831F26F282EBD2A0070065E /* Frameworks */ = {
			isa = PBXFrameworksBuildPhase;
			buildActionMask = 2147483647;
			files = (
				38DCF15428328E0900BC29C3 /* Kingfisher in Frameworks */,
				383DBBFD283C03B50063540F /* IQKeyboardManagerSwift in Frameworks */,
				383DBBFA283C03110063540F /* YPImagePicker in Frameworks */,
				3831F28B282EBD420070065E /* Alamofire in Frameworks */,
			);
			runOnlyForDeploymentPostprocessing = 0;
		};
/* End PBXFrameworksBuildPhase section */

/* Begin PBXGroup section */
		3831F269282EBD2A0070065E = {
			isa = PBXGroup;
			children = (
				3831F274282EBD2A0070065E /* Dummygram */,
				3831F273282EBD2A0070065E /* Products */,
			);
			sourceTree = "<group>";
		};
		3831F273282EBD2A0070065E /* Products */ = {
			isa = PBXGroup;
			children = (
				3831F272282EBD2A0070065E /* Dummygram.app */,
			);
			name = Products;
			sourceTree = "<group>";
		};
		3831F274282EBD2A0070065E /* Dummygram */ = {
			isa = PBXGroup;
			children = (
				3831F283282EBD2B0070065E /* Info.plist */,
				3881B5D22833AB1900CBC31F /* App */,
				3881B5DE2833AC1600CBC31F /* DataLayer */,
				3881B5D32833AB2C00CBC31F /* PresentationLayer */,
				3881B5D92833AB9600CBC31F /* Resource */,
				3881B5DA2833ABB800CBC31F /* Utility */,
			);
			path = Dummygram;
			sourceTree = "<group>";
		};
		3831F294282EC3DD0070065E /* DummygramAPI */ = {
			isa = PBXGroup;
			children = (
				3831F29F282EC4120070065E /* DummyAPI.swift */,
			);
			path = DummygramAPI;
			sourceTree = "<group>";
		};
		3831F2B0282ECB050070065E /* Extensions */ = {
			isa = PBXGroup;
			children = (
				3881B5D02833790100CBC31F /* UIViewController+Extension.swift */,
				3831F2A9282EC4B30070065E /* Data+Extension.swift */,
				3831F2AA282EC4B30070065E /* Encodable+Extension.swift */,
				3831F2B6282ECE690070065E /* UIImageView+Extension.swift */,
				3831F2BC282ECF490070065E /* String+Extension.swift */,
				3881B5CA2833772600CBC31F /* UIView+Extension.swift */,
				3881B5CC2833775300CBC31F /* UICollectionView+Extension.swift */,
			);
			path = Extensions;
			sourceTree = "<group>";
		};
		383DBBFE283CA47E0063540F /* Feeds */ = {
			isa = PBXGroup;
			children = (
				3831F2B4282ECB7A0070065E /* FeedsController.swift */,
			);
			path = Feeds;
			sourceTree = "<group>";
		};
		383DBBFF283CA4C00063540F /* Home */ = {
			isa = PBXGroup;
			children = (
				3881B5D72833AB7C00CBC31F /* TabBarController.swift */,
				383DBC01283CA4F50063540F /* UsersList */,
				383DBC00283CA4D40063540F /* Collection */,
				383DBBFE283CA47E0063540F /* Feeds */,
			);
			path = Home;
			sourceTree = "<group>";
		};
		383DBC00283CA4D40063540F /* Collection */ = {
			isa = PBXGroup;
			children = (
				3881B5C8283376DE00CBC31F /* CollectionViewController.swift */,
			);
			path = Collection;
			sourceTree = "<group>";
		};
		383DBC01283CA4F50063540F /* UsersList */ = {
			isa = PBXGroup;
			children = (
				3831F2BE282ECFF50070065E /* UsersListController.swift */,
			);
			path = UsersList;
			sourceTree = "<group>";
		};
		383DBC02283CA5030063540F /* Login */ = {
			isa = PBXGroup;
			children = (
				3831F279282EBD2A0070065E /* LoginViewController.swift */,
			);
			path = Login;
			sourceTree = "<group>";
		};
		383DBC03283CA50E0063540F /* Pages */ = {
			isa = PBXGroup;
			children = (
				380B39A52834087C00BABB57 /* CommentViewController.swift */,
				38385CCA28365053008921AC /* CreatePostViewController.swift */,
				3831F2C0282ED16E0070065E /* UserDetailViewController.swift */,
			);
			path = Pages;
			sourceTree = "<group>";
		};
		383DBC04283CA6E30063540F /* Models */ = {
			isa = PBXGroup;
			children = (
				3831F2A2282EC4120070065E /* DataModel.swift */,
				3831F2A3282EC4120070065E /* FeederModel.swift */,
				3831F2A0282EC4120070065E /* FeedModel.swift */,
				3831F2A1282EC4120070065E /* UserModel.swift */,
				38F49606283705EC0066A8AF /* CommentModel.swift */,
			);
			path = Models;
			sourceTree = "<group>";
		};
		3881B5D22833AB1900CBC31F /* App */ = {
			isa = PBXGroup;
			children = (
				3831F275282EBD2A0070065E /* AppDelegate.swift */,
				3831F277282EBD2A0070065E /* SceneDelegate.swift */,
			);
			path = App;
			sourceTree = "<group>";
		};
		3881B5D32833AB2C00CBC31F /* PresentationLayer */ = {
			isa = PBXGroup;
			children = (
				383DBC03283CA50E0063540F /* Pages */,
				383DBC02283CA5030063540F /* Login */,
				383DBBFF283CA4C00063540F /* Home */,
			);
			path = PresentationLayer;
			sourceTree = "<group>";
		};
		3881B5D92833AB9600CBC31F /* Resource */ = {
			isa = PBXGroup;
			children = (
				3831F280282EBD2B0070065E /* LaunchScreen.storyboard */,
				3831F27E282EBD2B0070065E /* Assets.xcassets */,
			);
			path = Resource;
			sourceTree = "<group>";
		};
		3881B5DA2833ABB800CBC31F /* Utility */ = {
			isa = PBXGroup;
			children = (
				3831F2B0282ECB050070065E /* Extensions */,
				3881B5DC2833ABF300CBC31F /* UserDefaultHelper.swift */,
				386C1BB9283902AD00921B0E /* FeedSharer.swift */,
			);
			path = Utility;
			sourceTree = "<group>";
		};
		3881B5DE2833AC1600CBC31F /* DataLayer */ = {
			isa = PBXGroup;
			children = (
				383DBC04283CA6E30063540F /* Models */,
				3831F294282EC3DD0070065E /* DummygramAPI */,
			);
			path = DataLayer;
			sourceTree = "<group>";
		};
/* End PBXGroup section */

/* Begin PBXNativeTarget section */
		3831F271282EBD2A0070065E /* Dummygram */ = {
			isa = PBXNativeTarget;
			buildConfigurationList = 3831F286282EBD2B0070065E /* Build configuration list for PBXNativeTarget "Dummygram" */;
			buildPhases = (
				3831F26E282EBD2A0070065E /* Sources */,
				3831F26F282EBD2A0070065E /* Frameworks */,
				3831F270282EBD2A0070065E /* Resources */,
			);
			buildRules = (
			);
			dependencies = (
			);
			name = Dummygram;
			packageProductDependencies = (
				3831F28A282EBD420070065E /* Alamofire */,
				38DCF15328328E0900BC29C3 /* Kingfisher */,
				383DBBF9283C03110063540F /* YPImagePicker */,
				383DBBFC283C03B50063540F /* IQKeyboardManagerSwift */,
			);
			productName = Dummygram;
			productReference = 3831F272282EBD2A0070065E /* Dummygram.app */;
			productType = "com.apple.product-type.application";
		};
/* End PBXNativeTarget section */

/* Begin PBXProject section */
		3831F26A282EBD2A0070065E /* Project object */ = {
			isa = PBXProject;
			attributes = {
				BuildIndependentTargetsInParallel = 1;
				LastSwiftUpdateCheck = 1330;
				LastUpgradeCheck = 1330;
				TargetAttributes = {
					3831F271282EBD2A0070065E = {
						CreatedOnToolsVersion = 13.3.1;
					};
				};
			};
			buildConfigurationList = 3831F26D282EBD2A0070065E /* Build configuration list for PBXProject "Dummygram" */;
			compatibilityVersion = "Xcode 13.0";
			developmentRegion = en;
			hasScannedForEncodings = 0;
			knownRegions = (
				en,
				Base,
			);
			mainGroup = 3831F269282EBD2A0070065E;
			packageReferences = (
				3831F289282EBD420070065E /* XCRemoteSwiftPackageReference "Alamofire" */,
				38DCF15228328E0900BC29C3 /* XCRemoteSwiftPackageReference "Kingfisher" */,
				383DBBF8283C03110063540F /* XCRemoteSwiftPackageReference "YPImagePicker" */,
				383DBBFB283C03B50063540F /* XCRemoteSwiftPackageReference "IQKeyboardManager" */,
			);
			productRefGroup = 3831F273282EBD2A0070065E /* Products */;
			projectDirPath = "";
			projectRoot = "";
			targets = (
				3831F271282EBD2A0070065E /* Dummygram */,
			);
		};
/* End PBXProject section */

/* Begin PBXResourcesBuildPhase section */
		3831F270282EBD2A0070065E /* Resources */ = {
			isa = PBXResourcesBuildPhase;
			buildActionMask = 2147483647;
			files = (
				3831F282282EBD2B0070065E /* LaunchScreen.storyboard in Resources */,
				3831F27F282EBD2B0070065E /* Assets.xcassets in Resources */,
			);
			runOnlyForDeploymentPostprocessing = 0;
		};
/* End PBXResourcesBuildPhase section */

/* Begin PBXSourcesBuildPhase section */
		3831F26E282EBD2A0070065E /* Sources */ = {
			isa = PBXSourcesBuildPhase;
			buildActionMask = 2147483647;
			files = (
				3831F2B5282ECB7A0070065E /* FeedsController.swift in Sources */,
				38F49607283705EC0066A8AF /* CommentModel.swift in Sources */,
				3831F2B7282ECE690070065E /* UIImageView+Extension.swift in Sources */,
				3831F2A8282EC4120070065E /* FeederModel.swift in Sources */,
				3831F27A282EBD2A0070065E /* LoginViewController.swift in Sources */,
				3831F2C1282ED16E0070065E /* UserDetailViewController.swift in Sources */,
				3881B5C9283376DE00CBC31F /* CollectionViewController.swift in Sources */,
				3831F2BF282ECFF50070065E /* UsersListController.swift in Sources */,
				3831F2AC282EC4B30070065E /* Encodable+Extension.swift in Sources */,
				38385CCB28365053008921AC /* CreatePostViewController.swift in Sources */,
				3831F2A4282EC4120070065E /* DummyAPI.swift in Sources */,
				3831F2AB282EC4B30070065E /* Data+Extension.swift in Sources */,
				380B39A62834087C00BABB57 /* CommentViewController.swift in Sources */,
				3881B5D12833790100CBC31F /* UIViewController+Extension.swift in Sources */,
				3881B5CB2833772600CBC31F /* UIView+Extension.swift in Sources */,
				3831F276282EBD2A0070065E /* AppDelegate.swift in Sources */,
				3831F2A7282EC4120070065E /* DataModel.swift in Sources */,
				3831F278282EBD2A0070065E /* SceneDelegate.swift in Sources */,
				3881B5CD2833775300CBC31F /* UICollectionView+Extension.swift in Sources */,
				3881B5DD2833ABF300CBC31F /* UserDefaultHelper.swift in Sources */,
				3831F2A6282EC4120070065E /* UserModel.swift in Sources */,
				386C1BBA283902AD00921B0E /* FeedSharer.swift in Sources */,
				3881B5D82833AB7C00CBC31F /* TabBarController.swift in Sources */,
				3831F2BD282ECF490070065E /* String+Extension.swift in Sources */,
				3831F2A5282EC4120070065E /* FeedModel.swift in Sources */,
			);
			runOnlyForDeploymentPostprocessing = 0;
		};
/* End PBXSourcesBuildPhase section */

/* Begin PBXVariantGroup section */
		3831F280282EBD2B0070065E /* LaunchScreen.storyboard */ = {
			isa = PBXVariantGroup;
			children = (
				3831F281282EBD2B0070065E /* Base */,
			);
			name = LaunchScreen.storyboard;
			sourceTree = "<group>";
		};
/* End PBXVariantGroup section */

/* Begin XCBuildConfiguration section */
		3831F284282EBD2B0070065E /* Debug */ = {
			isa = XCBuildConfiguration;
			buildSettings = {
				ALWAYS_SEARCH_USER_PATHS = NO;
				CLANG_ANALYZER_NONNULL = YES;
				CLANG_ANALYZER_NUMBER_OBJECT_CONVERSION = YES_AGGRESSIVE;
				CLANG_CXX_LANGUAGE_STANDARD = "gnu++17";
				CLANG_ENABLE_MODULES = YES;
				CLANG_ENABLE_OBJC_ARC = YES;
				CLANG_ENABLE_OBJC_WEAK = YES;
				CLANG_WARN_BLOCK_CAPTURE_AUTORELEASING = YES;
				CLANG_WARN_BOOL_CONVERSION = YES;
				CLANG_WARN_COMMA = YES;
				CLANG_WARN_CONSTANT_CONVERSION = YES;
				CLANG_WARN_DEPRECATED_OBJC_IMPLEMENTATIONS = YES;
				CLANG_WARN_DIRECT_OBJC_ISA_USAGE = YES_ERROR;
				CLANG_WARN_DOCUMENTATION_COMMENTS = YES;
				CLANG_WARN_EMPTY_BODY = YES;
				CLANG_WARN_ENUM_CONVERSION = YES;
				CLANG_WARN_INFINITE_RECURSION = YES;
				CLANG_WARN_INT_CONVERSION = YES;
				CLANG_WARN_NON_LITERAL_NULL_CONVERSION = YES;
				CLANG_WARN_OBJC_IMPLICIT_RETAIN_SELF = YES;
				CLANG_WARN_OBJC_LITERAL_CONVERSION = YES;
				CLANG_WARN_OBJC_ROOT_CLASS = YES_ERROR;
				CLANG_WARN_QUOTED_INCLUDE_IN_FRAMEWORK_HEADER = YES;
				CLANG_WARN_RANGE_LOOP_ANALYSIS = YES;
				CLANG_WARN_STRICT_PROTOTYPES = YES;
				CLANG_WARN_SUSPICIOUS_MOVE = YES;
				CLANG_WARN_UNGUARDED_AVAILABILITY = YES_AGGRESSIVE;
				CLANG_WARN_UNREACHABLE_CODE = YES;
				CLANG_WARN__DUPLICATE_METHOD_MATCH = YES;
				COPY_PHASE_STRIP = NO;
				DEBUG_INFORMATION_FORMAT = dwarf;
				ENABLE_STRICT_OBJC_MSGSEND = YES;
				ENABLE_TESTABILITY = YES;
				GCC_C_LANGUAGE_STANDARD = gnu11;
				GCC_DYNAMIC_NO_PIC = NO;
				GCC_NO_COMMON_BLOCKS = YES;
				GCC_OPTIMIZATION_LEVEL = 0;
				GCC_PREPROCESSOR_DEFINITIONS = (
					"DEBUG=1",
					"$(inherited)",
				);
				GCC_WARN_64_TO_32_BIT_CONVERSION = YES;
				GCC_WARN_ABOUT_RETURN_TYPE = YES_ERROR;
				GCC_WARN_UNDECLARED_SELECTOR = YES;
				GCC_WARN_UNINITIALIZED_AUTOS = YES_AGGRESSIVE;
				GCC_WARN_UNUSED_FUNCTION = YES;
				GCC_WARN_UNUSED_VARIABLE = YES;
				IPHONEOS_DEPLOYMENT_TARGET = 15.4;
				MTL_ENABLE_DEBUG_INFO = INCLUDE_SOURCE;
				MTL_FAST_MATH = YES;
				ONLY_ACTIVE_ARCH = YES;
				SDKROOT = iphoneos;
				SWIFT_ACTIVE_COMPILATION_CONDITIONS = DEBUG;
				SWIFT_OPTIMIZATION_LEVEL = "-Onone";
			};
			name = Debug;
		};
		3831F285282EBD2B0070065E /* Release */ = {
			isa = XCBuildConfiguration;
			buildSettings = {
				ALWAYS_SEARCH_USER_PATHS = NO;
				CLANG_ANALYZER_NONNULL = YES;
				CLANG_ANALYZER_NUMBER_OBJECT_CONVERSION = YES_AGGRESSIVE;
				CLANG_CXX_LANGUAGE_STANDARD = "gnu++17";
				CLANG_ENABLE_MODULES = YES;
				CLANG_ENABLE_OBJC_ARC = YES;
				CLANG_ENABLE_OBJC_WEAK = YES;
				CLANG_WARN_BLOCK_CAPTURE_AUTORELEASING = YES;
				CLANG_WARN_BOOL_CONVERSION = YES;
				CLANG_WARN_COMMA = YES;
				CLANG_WARN_CONSTANT_CONVERSION = YES;
				CLANG_WARN_DEPRECATED_OBJC_IMPLEMENTATIONS = YES;
				CLANG_WARN_DIRECT_OBJC_ISA_USAGE = YES_ERROR;
				CLANG_WARN_DOCUMENTATION_COMMENTS = YES;
				CLANG_WARN_EMPTY_BODY = YES;
				CLANG_WARN_ENUM_CONVERSION = YES;
				CLANG_WARN_INFINITE_RECURSION = YES;
				CLANG_WARN_INT_CONVERSION = YES;
				CLANG_WARN_NON_LITERAL_NULL_CONVERSION = YES;
				CLANG_WARN_OBJC_IMPLICIT_RETAIN_SELF = YES;
				CLANG_WARN_OBJC_LITERAL_CONVERSION = YES;
				CLANG_WARN_OBJC_ROOT_CLASS = YES_ERROR;
				CLANG_WARN_QUOTED_INCLUDE_IN_FRAMEWORK_HEADER = YES;
				CLANG_WARN_RANGE_LOOP_ANALYSIS = YES;
				CLANG_WARN_STRICT_PROTOTYPES = YES;
				CLANG_WARN_SUSPICIOUS_MOVE = YES;
				CLANG_WARN_UNGUARDED_AVAILABILITY = YES_AGGRESSIVE;
				CLANG_WARN_UNREACHABLE_CODE = YES;
				CLANG_WARN__DUPLICATE_METHOD_MATCH = YES;
				COPY_PHASE_STRIP = NO;
				DEBUG_INFORMATION_FORMAT = "dwarf-with-dsym";
				ENABLE_NS_ASSERTIONS = NO;
				ENABLE_STRICT_OBJC_MSGSEND = YES;
				GCC_C_LANGUAGE_STANDARD = gnu11;
				GCC_NO_COMMON_BLOCKS = YES;
				GCC_WARN_64_TO_32_BIT_CONVERSION = YES;
				GCC_WARN_ABOUT_RETURN_TYPE = YES_ERROR;
				GCC_WARN_UNDECLARED_SELECTOR = YES;
				GCC_WARN_UNINITIALIZED_AUTOS = YES_AGGRESSIVE;
				GCC_WARN_UNUSED_FUNCTION = YES;
				GCC_WARN_UNUSED_VARIABLE = YES;
				IPHONEOS_DEPLOYMENT_TARGET = 15.4;
				MTL_ENABLE_DEBUG_INFO = NO;
				MTL_FAST_MATH = YES;
				SDKROOT = iphoneos;
				SWIFT_COMPILATION_MODE = wholemodule;
				SWIFT_OPTIMIZATION_LEVEL = "-O";
				VALIDATE_PRODUCT = YES;
			};
			name = Release;
		};
		3831F287282EBD2B0070065E /* Debug */ = {
			isa = XCBuildConfiguration;
			buildSettings = {
				ASSETCATALOG_COMPILER_APPICON_NAME = AppIcon;
				ASSETCATALOG_COMPILER_GLOBAL_ACCENT_COLOR_NAME = AccentColor;
				CODE_SIGN_STYLE = Automatic;
				CURRENT_PROJECT_VERSION = 1;
				DEVELOPMENT_TEAM = CA9KP7YRD3;
				GENERATE_INFOPLIST_FILE = YES;
				INFOPLIST_FILE = Dummygram/Info.plist;
				INFOPLIST_KEY_UIApplicationSupportsIndirectInputEvents = YES;
				INFOPLIST_KEY_UILaunchStoryboardName = LaunchScreen;
				INFOPLIST_KEY_UISupportedInterfaceOrientations_iPad = "UIInterfaceOrientationPortrait UIInterfaceOrientationPortraitUpsideDown UIInterfaceOrientationLandscapeLeft UIInterfaceOrientationLandscapeRight";
				INFOPLIST_KEY_UISupportedInterfaceOrientations_iPhone = "UIInterfaceOrientationPortrait UIInterfaceOrientationLandscapeLeft UIInterfaceOrientationLandscapeRight";
				LD_RUNPATH_SEARCH_PATHS = (
					"$(inherited)",
					"@executable_path/Frameworks",
				);
				MARKETING_VERSION = 1.0;
				PRODUCT_BUNDLE_IDENTIFIER = Binar.Dummygram;
				PRODUCT_NAME = "$(TARGET_NAME)";
				SWIFT_EMIT_LOC_STRINGS = YES;
				SWIFT_VERSION = 5.0;
				TARGETED_DEVICE_FAMILY = "1,2";
			};
			name = Debug;
		};
		3831F288282EBD2B0070065E /* Release */ = {
			isa = XCBuildConfiguration;
			buildSettings = {
				ASSETCATALOG_COMPILER_APPICON_NAME = AppIcon;
				ASSETCATALOG_COMPILER_GLOBAL_ACCENT_COLOR_NAME = AccentColor;
				CODE_SIGN_STYLE = Automatic;
				CURRENT_PROJECT_VERSION = 1;
				DEVELOPMENT_TEAM = CA9KP7YRD3;
				GENERATE_INFOPLIST_FILE = YES;
				INFOPLIST_FILE = Dummygram/Info.plist;
				INFOPLIST_KEY_UIApplicationSupportsIndirectInputEvents = YES;
				INFOPLIST_KEY_UILaunchStoryboardName = LaunchScreen;
				INFOPLIST_KEY_UISupportedInterfaceOrientations_iPad = "UIInterfaceOrientationPortrait UIInterfaceOrientationPortraitUpsideDown UIInterfaceOrientationLandscapeLeft UIInterfaceOrientationLandscapeRight";
				INFOPLIST_KEY_UISupportedInterfaceOrientations_iPhone = "UIInterfaceOrientationPortrait UIInterfaceOrientationLandscapeLeft UIInterfaceOrientationLandscapeRight";
				LD_RUNPATH_SEARCH_PATHS = (
					"$(inherited)",
					"@executable_path/Frameworks",
				);
				MARKETING_VERSION = 1.0;
				PRODUCT_BUNDLE_IDENTIFIER = Binar.Dummygram;
				PRODUCT_NAME = "$(TARGET_NAME)";
				SWIFT_EMIT_LOC_STRINGS = YES;
				SWIFT_VERSION = 5.0;
				TARGETED_DEVICE_FAMILY = "1,2";
			};
			name = Release;
		};
/* End XCBuildConfiguration section */

/* Begin XCConfigurationList section */
		3831F26D282EBD2A0070065E /* Build configuration list for PBXProject "Dummygram" */ = {
			isa = XCConfigurationList;
			buildConfigurations = (
				3831F284282EBD2B0070065E /* Debug */,
				3831F285282EBD2B0070065E /* Release */,
			);
			defaultConfigurationIsVisible = 0;
			defaultConfigurationName = Release;
		};
		3831F286282EBD2B0070065E /* Build configuration list for PBXNativeTarget "Dummygram" */ = {
			isa = XCConfigurationList;
			buildConfigurations = (
				3831F287282EBD2B0070065E /* Debug */,
				3831F288282EBD2B0070065E /* Release */,
			);
			defaultConfigurationIsVisible = 0;
			defaultConfigurationName = Release;
		};
/* End XCConfigurationList section */

/* Begin XCRemoteSwiftPackageReference section */
		3831F289282EBD420070065E /* XCRemoteSwiftPackageReference "Alamofire" */ = {
			isa = XCRemoteSwiftPackageReference;
			repositoryURL = "https://github.com/Alamofire/Alamofire.git";
			requirement = {
				kind = upToNextMajorVersion;
				minimumVersion = 5.0.0;
			};
		};
		383DBBF8283C03110063540F /* XCRemoteSwiftPackageReference "YPImagePicker" */ = {
			isa = XCRemoteSwiftPackageReference;
			repositoryURL = "https://github.com/Yummypets/YPImagePicker.git";
			requirement = {
				kind = upToNextMajorVersion;
				minimumVersion = 5.0.0;
			};
		};
		383DBBFB283C03B50063540F /* XCRemoteSwiftPackageReference "IQKeyboardManager" */ = {
			isa = XCRemoteSwiftPackageReference;
			repositoryURL = "https://github.com/hackiftekhar/IQKeyboardManager.git";
			requirement = {
				kind = exactVersion;
				version = 6.5.0;
			};
		};
		38DCF15228328E0900BC29C3 /* XCRemoteSwiftPackageReference "Kingfisher" */ = {
			isa = XCRemoteSwiftPackageReference;
			repositoryURL = "https://github.com/onevcat/Kingfisher.git";
			requirement = {
				kind = upToNextMajorVersion;
				minimumVersion = 7.0.0;
			};
		};
/* End XCRemoteSwiftPackageReference section */

/* Begin XCSwiftPackageProductDependency section */
		3831F28A282EBD420070065E /* Alamofire */ = {
			isa = XCSwiftPackageProductDependency;
			package = 3831F289282EBD420070065E /* XCRemoteSwiftPackageReference "Alamofire" */;
			productName = Alamofire;
		};
		383DBBF9283C03110063540F /* YPImagePicker */ = {
			isa = XCSwiftPackageProductDependency;
			package = 383DBBF8283C03110063540F /* XCRemoteSwiftPackageReference "YPImagePicker" */;
			productName = YPImagePicker;
		};
		383DBBFC283C03B50063540F /* IQKeyboardManagerSwift */ = {
			isa = XCSwiftPackageProductDependency;
			package = 383DBBFB283C03B50063540F /* XCRemoteSwiftPackageReference "IQKeyboardManager" */;
			productName = IQKeyboardManagerSwift;
		};
		38DCF15328328E0900BC29C3 /* Kingfisher */ = {
			isa = XCSwiftPackageProductDependency;
			package = 38DCF15228328E0900BC29C3 /* XCRemoteSwiftPackageReference "Kingfisher" */;
			productName = Kingfisher;
		};
/* End XCSwiftPackageProductDependency section */
	};
	rootObject = 3831F26A282EBD2A0070065E /* Project object */;
}
